
Microsoft Visual Studio Solution File, Format Version 12.00
# Visual Studio 2013
VisualStudioVersion = 12.0.21005.1
MinimumVisualStudioVersion = 10.0.40219.1
Project("{FAE04EC0-301F-11D3-BF4B-00C04F79EFBC}") = "L3_ACheck", "L3_ACheck\L3_ACheck.csproj", "{C2C90441-D295-4A08-8D7A-3A1A9D1A2F56}"
EndProject
Project("{FAE04EC0-301F-11D3-BF4B-00C04F79EFBC}") = "L4_Excellent_Or_Not", "L4_Excellent_Or_Not\L4_Excellent_Or_Not.csproj", "{32223332-0775-4F98-9515-3F55E85B870C}"
EndProject
Project("{FAE04EC0-301F-11D3-BF4B-00C04F79EFBC}") = "L5_Odd_Even", "L5_Odd_Even\L5_Odd_Even.csproj", "{6AB2940C-D8F1-4EC5-B276-EB6D92AF5845}"
EndProject
Project("{FAE04EC0-301F-11D3-BF4B-00C04F79EFBC}") = "L6_BiggerNumber", "L6_BiggerNumber\L6_BiggerNumber.csproj", "{5583D58E-D574-4A0B-89A0-37E2DA25E255}"
EndProject
Project("{FAE04EC0-301F-11D3-BF4B-00C04F79EFBC}") = "L7_TypeNumbers", "L7_TypeNumbers\L7_TypeNumbers.csproj", "{97872E08-2A26-46CF-A1E2-CBBECE486869}"
EndProject
Project("{FAE04EC0-301F-11D3-BF4B-00C04F79EFBC}") = "L8_BonusPoints", "L8_BonusPoints\L8_BonusPoints.csproj", "{11A34135-53A6-40A1-B23D-3096703EB108}"
EndProject
Project("{FAE04EC0-301F-11D3-BF4B-00C04F79EFBC}") = "L10_SumSeconds", "L10_SumSeconds\L10_SumSeconds.csproj", "{82C7F025-1026-448C-8295-8366BAA11AA6}"
EndProject
Project("{FAE04EC0-301F-11D3-BF4B-00C04F79EFBC}") = "L10_MetricConverter", "L10_MetricConverter\L10_MetricConverter.csproj", "{9D8BE167-E61B-48EF-8FE4-71B5BDC6C0A9}"
EndProject
Project("{FAE04EC0-301F-11D3-BF4B-00C04F79EFBC}") = "L11_CurrencyConverter", "L11_CurrencyConverter\L11_CurrencyConverter.csproj", "{2C50BE5C-60A0-49F5-B453-58D38E44B589}"
EndProject
Global
	GlobalSection(SolutionConfigurationPlatforms) = preSolution
		Debug|Any CPU = Debug|Any CPU
		Release|Any CPU = Release|Any CPU
	EndGlobalSection
	GlobalSection(ProjectConfigurationPlatforms) = postSolution
		{C2C90441-D295-4A08-8D7A-3A1A9D1A2F56}.Debug|Any CPU.ActiveCfg = Debug|Any CPU
		{C2C90441-D295-4A08-8D7A-3A1A9D1A2F56}.Debug|Any CPU.Build.0 = Debug|Any CPU
		{C2C90441-D295-4A08-8D7A-3A1A9D1A2F56}.Release|Any CPU.ActiveCfg = Release|Any CPU
		{C2C90441-D295-4A08-8D7A-3A1A9D1A2F56}.Release|Any CPU.Build.0 = Release|Any CPU
		{32223332-0775-4F98-9515-3F55E85B870C}.Debug|Any CPU.ActiveCfg = Debug|Any CPU
		{32223332-0775-4F98-9515-3F55E85B870C}.Debug|Any CPU.Build.0 = Debug|Any CPU
		{32223332-0775-4F98-9515-3F55E85B870C}.Release|Any CPU.ActiveCfg = Release|Any CPU
		{32223332-0775-4F98-9515-3F55E85B870C}.Release|Any CPU.Build.0 = Release|Any CPU
		{6AB2940C-D8F1-4EC5-B276-EB6D92AF5845}.Debug|Any CPU.ActiveCfg = Debug|Any CPU
		{6AB2940C-D8F1-4EC5-B276-EB6D92AF5845}.Debug|Any CPU.Build.0 = Debug|Any CPU
		{6AB2940C-D8F1-4EC5-B276-EB6D92AF5845}.Release|Any CPU.ActiveCfg = Release|Any CPU
		{6AB2940C-D8F1-4EC5-B276-EB6D92AF5845}.Release|Any CPU.Build.0 = Release|Any CPU
		{5583D58E-D574-4A0B-89A0-37E2DA25E255}.Debug|Any CPU.ActiveCfg = Debug|Any CPU
		{5583D58E-D574-4A0B-89A0-37E2DA25E255}.Debug|Any CPU.Build.0 = Debug|Any CPU
		{5583D58E-D574-4A0B-89A0-37E2DA25E255}.Release|Any CPU.ActiveCfg = Release|Any CPU
		{5583D58E-D574-4A0B-89A0-37E2DA25E255}.Release|Any CPU.Build.0 = Release|Any CPU
		{97872E08-2A26-46CF-A1E2-CBBECE486869}.Debug|Any CPU.ActiveCfg = Debug|Any CPU
		{97872E08-2A26-46CF-A1E2-CBBECE486869}.Debug|Any CPU.Build.0 = Debug|Any CPU
		{97872E08-2A26-46CF-A1E2-CBBECE486869}.Release|Any CPU.ActiveCfg = Release|Any CPU
		{97872E08-2A26-46CF-A1E2-CBBECE486869}.Release|Any CPU.Build.0 = Release|Any CPU
		{11A34135-53A6-40A1-B23D-3096703EB108}.Debug|Any CPU.ActiveCfg = Debug|Any CPU
		{11A34135-53A6-40A1-B23D-3096703EB108}.Debug|Any CPU.Build.0 = Debug|Any CPU
		{11A34135-53A6-40A1-B23D-3096703EB108}.Release|Any CPU.ActiveCfg = Release|Any CPU
		{11A34135-53A6-40A1-B23D-3096703EB108}.Release|Any CPU.Build.0 = Release|Any CPU
		{82C7F025-1026-448C-8295-8366BAA11AA6}.Debug|Any CPU.ActiveCfg = Debug|Any CPU
		{82C7F025-1026-448C-8295-8366BAA11AA6}.Debug|Any CPU.Build.0 = Debug|Any CPU
		{82C7F025-1026-448C-8295-8366BAA11AA6}.Release|Any CPU.ActiveCfg = Release|Any CPU
		{82C7F025-1026-448C-8295-8366BAA11AA6}.Release|Any CPU.Build.0 = Release|Any CPU
		{9D8BE167-E61B-48EF-8FE4-71B5BDC6C0A9}.Debug|Any CPU.ActiveCfg = Debug|Any CPU
		{9D8BE167-E61B-48EF-8FE4-71B5BDC6C0A9}.Debug|Any CPU.Build.0 = Debug|Any CPU
		{9D8BE167-E61B-48EF-8FE4-71B5BDC6C0A9}.Release|Any CPU.ActiveCfg = Release|Any CPU
		{9D8BE167-E61B-48EF-8FE4-71B5BDC6C0A9}.Release|Any CPU.Build.0 = Release|Any CPU
		{2C50BE5C-60A0-49F5-B453-58D38E44B589}.Debug|Any CPU.ActiveCfg = Debug|Any CPU
		{2C50BE5C-60A0-49F5-B453-58D38E44B589}.Debug|Any CPU.Build.0 = Debug|Any CPU
		{2C50BE5C-60A0-49F5-B453-58D38E44B589}.Release|Any CPU.ActiveCfg = Release|Any CPU
		{2C50BE5C-60A0-49F5-B453-58D38E44B589}.Release|Any CPU.Build.0 = Release|Any CPU
	EndGlobalSection
	GlobalSection(SolutionProperties) = preSolution
		HideSolutionNode = FALSE
	EndGlobalSection
EndGlobal
